
Microsoft Visual Studio Solution File, Format Version 12.00
# Visual Studio Version 17
VisualStudioVersion = 17.5.002.0
MinimumVisualStudioVersion = 10.0.40219.1
Project("{9A19103F-16F7-4668-BE54-9A1E7A4F7556}") = "RinhaBackendAPI", "RinhaBackendAPI\RinhaBackendAPI.csproj", "{C622D224-99F1-410D-A038-83F9DFE554D5}"
EndProject
Global
	GlobalSection(SolutionConfigurationPlatforms) = preSolution
		Debug|Any CPU = Debug|Any CPU
		Release|Any CPU = Release|Any CPU
	EndGlobalSection
	GlobalSection(ProjectConfigurationPlatforms) = postSolution
		{C622D224-99F1-410D-A038-83F9DFE554D5}.Debug|Any CPU.ActiveCfg = Debug|Any CPU
		{C622D224-99F1-410D-A038-83F9DFE554D5}.Debug|Any CPU.Build.0 = Debug|Any CPU
		{C622D224-99F1-410D-A038-83F9DFE554D5}.Release|Any CPU.ActiveCfg = Release|Any CPU
		{C622D224-99F1-410D-A038-83F9DFE554D5}.Release|Any CPU.Build.0 = Release|Any CPU
	EndGlobalSection
	GlobalSection(SolutionProperties) = preSolution
		HideSolutionNode = FALSE
	EndGlobalSection
	GlobalSection(ExtensibilityGlobals) = postSolution
		SolutionGuid = {E8F82E29-EDE3-45DA-A9B8-AAE3B54E3A1F}
	EndGlobalSection
EndGlobal
